version = 1
revision = 3
requires-python = "==3.11.*"
resolution-markers = [
    "sys_platform == 'win32'",
    "sys_platform == 'emscripten'",
    "sys_platform != 'emscripten' and sys_platform != 'win32'",
]

[[package]]
name = "certifi"
version = "2026.7.22"
source = { registry = "https://pypi.org/simple" }
sdist = { url = "https://files.pythonhosted.org/packages/a3/c2/24167ea9858356b47a87a50d39908bfdb72ceeefe0041586e704e5376b3a/certifi-2026.7.22.tar.gz", hash = "sha256:741e2c3b351ddf169a738da9f2c048608ff7f2c5cc02f1ebc6b118bb090d5d55", size = 138112, upload-time = "2026-07-22T03:35:12.644Z" }
wheels = [
    { url = "https://files.pythonhosted.org/packages/0b/a7/71ac2cff56fec219ed242bb11b8efb69fcc4bec75db06fb7bfe35de520e6/certifi-2026.7.22-py3-none-any.whl", hash = "sha256:62f22742b58a1a33014a2b6b706588a8d7e2a88ae7bd1a6ebe8c992928483775", size = 136983, upload-time = "2026-07-22T03:35:11.276Z" },
]

[[package]]
name = "charset-normalizer"
version = "3.5.0"
source = { registry = "https://pypi.org/simple" }
sdist = { url = "https://files.pythonhosted.org/packages/cb/31/4971872b3ed8715346231fb6eb4da8fcba65a4143c189db151ee28a2812b/charset_normalizer-3.5.0.tar.gz", hash = "sha256:49bd5feb59b0bf3cbf6ebcf4352e371c95b9da9bacd4449f8b64d0ad2c10a26e", size = 169295, upload-time = "2026-08-12T14:35:31.624Z" }
wheels = [
    { url = "https://files.pythonhosted.org/packages/50/42/71e4e3bfe59202feef062c68487f54c6adf501cfbe087ecd93e3cd597fea/charset_normalizer-3.5.0-cp311-cp311-macosx_10_9_universal2.whl", hash = "sha256:e46a37ea7fcf9ae01d71b2e5ece19f1565987f3e308394b829197cbefc061f92", size = 349110, upload-time = "2026-08-12T14:32:07.832Z" },
    { url = "https://files.pythonhosted.org/packages/0f/dd/fd3386d0fbd358d3b5c7a2fa5bf312afe6159b04fafeb67d39fa971d7448/charset_normalizer-3.5.0-cp311-cp311-manylinux2014_aarch64.manylinux_2_17_aarch64.manylinux_2_28_aarch64.whl", hash = "sha256:1cdfed4d7a59333c8220c67dd3be4e7a6c887b67453a64394022dcc919570add", size = 250773, upload-time = "2026-08-12T14:32:09.113Z" },
    { url = "https://files.pythonhosted.org/packages/17/ad/4901a66d6d3b17f1096725d7e50266132c16555aa6a70047fe1cf262b4b2/charset_normalizer-3.5.0-cp311-cp311-manylinux2014_armv7l.manylinux_2_17_armv7l.manylinux_2_31_armv7l.whl", hash = "sha256:9491f594859b68052edebd69e05fb045055a713b57a67974e6c1553b4e503c39", size = 240229, upload-time = "2026-08-12T14:32:10.43Z" },
    { url = "https://files.pythonhosted.org/packages/43/b7/1d790e0425e0f4c99e9b89a3956a94a6d2d0c6f01b2a5eca93d8f082d5ac/charset_normalizer-3.5.0-cp311-cp311-manylinux2014_ppc64le.manylinux_2_17_ppc64le.manylinux_2_28_ppc64le.whl", hash = "sha256:420b19411959eec115063229536788e6b32d0a7fa907d6b940317919120d702d", size = 280757, upload-time = "2026-08-12T14:32:11.628Z" },
    { url = "https://files.pythonhosted.org/packages/44/bb/4b8c8086c67636e52d6354ad17697f54a00b40041ca53dc765737e21709b/charset_normalizer-3.5.0-cp311-cp311-manylinux2014_s390x.manylinux_2_17_s390x.manylinux_2_28_s390x.whl", hash = "sha256:a565303d118ea3b94a4b6c076bf568069726be414e43b06d58f7070b076ce11d", size = 276174, upload-time = "2026-08-12T14:32:12.808Z" },
    { url = "https://files.pythonhosted.org/packages/25/fa/690a11924c40c766d258d2b74d817cc5efe7bbcfceeedc5c0f35256d7524/charset_normalizer-3.5.0-cp311-cp311-manylinux2014_x86_64.manylinux_2_17_x86_64.manylinux_2_28_x86_64.whl", hash = "sha256:815f143a91983ba3041bba066e492ae3c42de523fb1c699685a1abf3313b7d1b", size = 261808, upload-time = "2026-08-12T14:32:14.138Z" },
    { url = "https://files.pythonhosted.org/packages/53/2d/4a6945eff0c8f684e3f5b7b978644ab18ba9198da060dbaa1d9206bc6cc9/charset_normalizer-3.5.0-cp311-cp311-manylinux_2_31_riscv64.manylinux_2_39_riscv64.whl", hash = "sha256:c5e981a5ac8641381efe6f0029467500661616a530d27bc6eedfe45f840599f8", size = 259922, upload-time = "2026-08-12T14:32:15.485Z" },
    { url = "https://files.pythonhosted.org/packages/60/4d/10ac7e07bbf7ea569effeb9524e32f345f7e643800b20d538fb4706eab4e/charset_normalizer-3.5.0-cp311-cp311-musllinux_1_2_aarch64.whl", hash = "sha256:1a573e1e428f93908e79e04b349717f400e720f2f82285f0aaaf3ee0ff7f4c79", size = 252315, upload-time = "2026-08-12T14:32:16.764Z" },
    { url = "https://files.pythonhosted.org/packages/13/bf/1ddacf7aa7da12097f229a6a4e71a70200937a621b3617f6dc819fb99a66/charset_normalizer-3.5.0-cp311-cp311-musllinux_1_2_armv7l.whl", hash = "sha256:32e6d56dd825205f81e5c45bcebb4df6a11fb2bbf4969a01ef156d6ced90c224", size = 240600, upload-time = "2026-08-12T14:32:17.956Z" },
    { url = "https://files.pythonhosted.org/packages/c2/88/293444d48c8d86fe51552262117134a9fc666d68cbbbc9b8c1b2b35a29be/charset_normalizer-3.5.0-cp311-cp311-musllinux_1_2_ppc64le.whl", hash = "sha256:30ae26a1adcd943690dcbbc47f28be762bae9e08ad7442b78c86b1c0dd5a626c", size = 280788, upload-time = "2026-08-12T14:32:19.1Z" },
    { url = "https://files.pythonhosted.org/packages/12/ed/0e34e40584f51eda38d4a5daf25fd8586366347efd4b2470dbf64710e778/charset_normalizer-3.5.0-cp311-cp311-musllinux_1_2_riscv64.whl", hash = "sha256:5f51a19dc52197a20218b05ec5336d0c6b3b09935f838724722032c8d45dc91a", size = 258425, upload-time = "2026-08-12T14:32:20.207Z" },
    { url = "https://files.pythonhosted.org/packages/72/b2/c1b1c27f6f0ef35b21a8bdb592854bbf7f219629db3477f74c0b1380e0ed/charset_normalizer-3.5.0-cp311-cp311-musllinux_1_2_s390x.whl", hash = "sha256:6e44bc2780516b3df986d6fe33103c7080cd9dcd5576fe3cb4b0f64309c8f22b", size = 277437, upload-time = "2026-08-12T14:32:21.345Z" },
    { url = "https://files.pythonhosted.org/packages/b2/bd/a1b7d959a37847675adb2f5978f81703306dd78df4fefb82ee5a1cc5e37f/charset_normalizer-3.5.0-cp311-cp311-musllinux_1_2_x86_64.whl", hash = "sha256:7faa47b56070b3dd6f4898ed28528843ab130d53266cb9948d9b1f3bb1a5c5e8", size = 262947, upload-time = "2026-08-12T14:32:22.613Z" },
    { url = "https://files.pythonhosted.org/packages/c1/fd/a76a2d7e639bfc6a9c869371e34f28231eaca7d7126ec19895aa38eedb51/charset_normalizer-3.5.0-cp311-cp311-win32.whl", hash = "sha256:830c04a49998b5ed58c8b642c65b7b26419397f52392a64121ba9fd0e95e7f9f", size = 181313, upload-time = "2026-08-12T14:32:23.736Z" },
    { url = "https://files.pythonhosted.org/packages/97/84/6fc03e802578df41a2ab9b6a1f26657fb92e32285a603ad5852a4a4f68c1/charset_normalizer-3.5.0-cp311-cp311-win_amd64.whl", hash = "sha256:8cb9b6892b53bd6d11fa4cde3dbee020b1f0b6656be1fbaa1ec0d4324a7839db", size = 206197, upload-time = "2026-08-12T14:32:24.938Z" },
    { url = "https://files.pythonhosted.org/packages/0a/27/7208360ff1901607359869fcc45ca0989d597f3e30777ba30c7254170587/charset_normalizer-3.5.0-cp311-cp311-win_arm64.whl", hash = "sha256:2403b489c103e9a18c835863fc6dd54361355c8291d4cafdb37492b683440b9b", size = 184925, upload-time = "2026-08-12T14:32:26.123Z" },
    { url = "https://files.pythonhosted.org/packages/5b/f3/7b523d807cb5e73562ef8acf21d39cdb9d704955327362c781bc3478a73d/charset_normalizer-3.5.0-cp37-abi3-macosx_10_9_universal2.whl", hash = "sha256:5a4ee37248dfac25107c758bda99d545ce73e60b44d2dd39e4a2bb9f2831e9f5", size = 330840, upload-time = "2026-08-12T14:34:45.06Z" },
    { url = "https://files.pythonhosted.org/packages/f0/de/fc68978fe78ca97063c96d764e41ff92ca639948f319271e0ff450e577a2/charset_normalizer-3.5.0-cp37-abi3-manylinux1_x86_64.manylinux_2_28_x86_64.manylinux_2_5_x86_64.whl", hash = "sha256:a864bdcacd8bff58bb4845304e031f821a3ec64b2b7259f2d409cd49c9e59ca3", size = 251862, upload-time = "2026-08-12T14:34:46.58Z" },
    { url = "https://files.pythonhosted.org/packages/a9/cb/82b41a0ab7fb1a88065f1d78ad32696ad88ea3fe8e25b8189d08833938de/charset_normalizer-3.5.0-cp37-abi3-manylinux2014_aarch64.manylinux_2_17_aarch64.manylinux_2_28_aarch64.whl", hash = "sha256:84b736e3b391601bc47b86da381c749c0f894e9191aaca9f31f30c2632206df3", size = 239484, upload-time = "2026-08-12T14:34:47.869Z" },
    { url = "https://files.pythonhosted.org/packages/e8/0c/19608b631f4538f908098d4a2d56a8f79a665e27cc58e9d90479761a9227/charset_normalizer-3.5.0-cp37-abi3-manylinux2014_armv7l.manylinux_2_17_armv7l.manylinux_2_31_armv7l.whl", hash = "sha256:6abb1f356fb865baeb6ebc3fadd843e9a96fbf49b9adcca55037f3cceccb7438", size = 230602, upload-time = "2026-08-12T14:34:49.265Z" },
    { url = "https://files.pythonhosted.org/packages/29/db/f648eb30e14eba301aed61e11672156f137905c1bdbb530151abe8065943/charset_normalizer-3.5.0-cp37-abi3-manylinux2014_ppc64le.manylinux_2_17_ppc64le.manylinux_2_28_ppc64le.whl", hash = "sha256:1d366548d2ee28a8cfdcc4296363978cc644a728333be9824d2de4652e83df0a", size = 259208, upload-time = "2026-08-12T14:34:50.632Z" },
    { url = "https://files.pythonhosted.org/packages/d3/e0/ed2c8bdbac484d69614d6993143aeb6cb0f4dd1561c883402517b623c8ef/charset_normalizer-3.5.0-cp37-abi3-manylinux2014_s390x.manylinux_2_17_s390x.manylinux_2_28_s390x.whl", hash = "sha256:d672f329ae504ee240eb39b6effb3318aa8e7e8924c0ce8eee5760b3fad98539", size = 253659, upload-time = "2026-08-12T14:34:52.11Z" },
    { url = "https://files.pythonhosted.org/packages/32/08/b4907cb9ec5b521d9d024ced13611240b86ef065c2eb15b3ad2334dc9940/charset_normalizer-3.5.0-cp37-abi3-manylinux_2_31_riscv64.manylinux_2_39_riscv64.whl", hash = "sha256:c54036a518748b6c02e666f6d46c3817561998fb904c3be25b56fb4fe3dc5706", size = 248821, upload-time = "2026-08-12T14:34:53.399Z" },
    { url = "https://files.pythonhosted.org/packages/12/b2/e2d1abcfbc05822f0030869efb4e9f8a3658e13b4821796d4b62da917327/charset_normalizer-3.5.0-cp37-abi3-musllinux_1_2_aarch64.whl", hash = "sha256:22a1889f1c9b752c63c36758a0c2145458e3cadb20fced7a0790002e9dd12b26", size = 240271, upload-time = "2026-08-12T14:34:55.09Z" },
    { url = "https://files.pythonhosted.org/packages/dc/f9/4ba127ad610542fa3eabfa41c45bf12d357860a815b3566374ec0188e213/charset_normalizer-3.5.0-cp37-abi3-musllinux_1_2_armv7l.whl", hash = "sha256:b7eb3eab5c646d3de7dcb14a7c9caebace5249c5767da39e1761cb1576e521a3", size = 232155, upload-time = "2026-08-12T14:34:56.543Z" },
    { url = "https://files.pythonhosted.org/packages/01/68/40613182366d00bd6dbd5f6c84a926cbd120960e038a8269e9ae7d782762/charset_normalizer-3.5.0-cp37-abi3-musllinux_1_2_ppc64le.whl", hash = "sha256:2080aa129a28267984cdc902898993d788c995c384e285d0d19199f56760d52e", size = 259674, upload-time = "2026-08-12T14:34:57.815Z" },
    { url = "https://files.pythonhosted.org/packages/0a/53/4574a14fa4c9de4a6c9f31725354bfa40b67f653e6d594ce1654f9a41b32/charset_normalizer-3.5.0-cp37-abi3-musllinux_1_2_riscv64.whl", hash = "sha256:fd68c825548a611158230e2f9222e210ceb2e3391995c0aa5865cbdf3ab4bd49", size = 246122, upload-time = "2026-08-12T14:34:59.337Z" },
    { url = "https://files.pythonhosted.org/packages/5a/02/bd8030d13d92c058ca7b2b9615bbb3169569e144db64d65c149cd45abf5e/charset_normalizer-3.5.0-cp37-abi3-musllinux_1_2_s390x.whl", hash = "sha256:d8a9316f4da85e937242642b537c6d55d7e9287dd38e5634732f8233932aff45", size = 255221, upload-time = "2026-08-12T14:35:00.71Z" },
    { url = "https://files.pythonhosted.org/packages/77/9d/10ecd3bcbe2666b3d4d4026c97b48f73990682815db516052a1e8f4a31c5/charset_normalizer-3.5.0-cp37-abi3-musllinux_1_2_x86_64.whl", hash = "sha256:d90254c8f609338c53ec180fcd4c4f9c16502e238e3fc88ca7fd4c2f38d445b8", size = 253450, upload-time = "2026-08-12T14:35:02.217Z" },
    { url = "https://files.pythonhosted.org/packages/e4/0f/d044c4872c0938a84f87b5027a698c0e61bacfc5c3551a4e749ca9b7bc5c/charset_normalizer-3.5.0-cp37-abi3-win32.whl", hash = "sha256:8b3e9e29b8b07cc461b9ce7768db7693a93979d0dadf22046f6f3555ded2f516", size = 173594, upload-time = "2026-08-12T14:35:03.845Z" },
    { url = "https://files.pythonhosted.org/packages/10/6b/6046773901f1944b9a89436351529811ee958afc7b774563be9d74a6f0c3/charset_normalizer-3.5.0-cp37-abi3-win_amd64.whl", hash = "sha256:0c8953d9d1617794cfc40d81179571c9ba3805dd029623a15c93f1fb70e60a74", size = 198959, upload-time = "2026-08-12T14:35:05.187Z" },
    { url = "https://files.pythonhosted.org/packages/ab/a6/b57708ac92aefc8e8389d51d5178129b81f03196da61ee2c23e687b8178a/charset_normalizer-3.5.0-cp37-abi3-win_arm64.whl", hash = "sha256:562d24ca7797c1af8852994950c2e623a907b201fc4b0ed29e92af173d3828ca", size = 267055, upload-time = "2026-08-12T14:35:06.533Z" },
    { url = "https://files.pythonhosted.org/packages/22/c7/754d09943a616937df61e4ba367c409ded2a987e872972098d51a6fcf73b/charset_normalizer-3.5.0-py3-none-any.whl", hash = "sha256:993dfcbe75a85a3784abb5084f2c41b915767c90546fcc92803cffa28611baea", size = 67943, upload-time = "2026-08-12T14:35:30.363Z" },
]

[[package]]
name = "colorama"
version = "0.4.6"
source = { registry = "https://pypi.org/simple" }
sdist = { url = "https://files.pythonhosted.org/packages/d8/53/6f443c9a4a8358a93a6792e2acffb9d9d5cb0a5cfd8802644b7b1c9a02e4/colorama-0.4.6.tar.gz", hash = "sha256:08695f5cb7ed6e0531a20572697297273c47b8cae5a63ffc6d6ed5c201be6e44", size = 27697, upload-time = "2022-10-25T02:36:22.414Z" }
wheels = [
    { url = "https://files.pythonhosted.org/packages/d1/d6/3965ed04c63042e047cb6a3e6ed1a63a35087b6a609aa3a15ed8ac56c221/colorama-0.4.6-py2.py3-none-any.whl", hash = "sha256:4f1d9991f5acc0ca119f9d443620b77f9d6b33703e51011c16baf57afb285fc6", size = 25335, upload-time = "2022-10-25T02:36:20.889Z" },
]

[[package]]
name = "fuzzywuzzy"
version = "0.18.0"
source = { registry = "https://pypi.org/simple" }
sdist = { url = "https://files.pythonhosted.org/packages/11/4b/0a002eea91be6048a2b5d53c5f1b4dafd57ba2e36eea961d05086d7c28ce/fuzzywuzzy-0.18.0.tar.gz", hash = "sha256:45016e92264780e58972dca1b3d939ac864b78437422beecebb3095f8efd00e8", size = 28888, upload-time = "2020-02-13T21:06:27.054Z" }
wheels = [
    { url = "https://files.pythonhosted.org/packages/43/ff/74f23998ad2f93b945c0309f825be92e04e0348e062026998b5eefef4c33/fuzzywuzzy-0.18.0-py2.py3-none-any.whl", hash = "sha256:928244b28db720d1e0ee7587acf660ea49d7e4c632569cad4f1cd7e68a5f0993", size = 18272, upload-time = "2020-02-13T21:06:25.209Z" },
]

[[package]]
name = "highspy"
version = "1.15.1"
source = { registry = "https://pypi.org/simple" }
dependencies = [
    { name = "numpy" },
]
sdist = { url = "https://files.pythonhosted.org/packages/87/02/c6b658f79911fee921721da728b9ab8f5e19ff06121fff36f90f77127f4d/highspy-1.15.1.tar.gz", hash = "sha256:20ed2fbf1cb64bf3044ee6632364b7e2653d93e6901e2b19fd3d5df10702e8c5", size = 1703256, upload-time = "2026-07-02T12:03:25.009Z" }
wheels = [
    { url = "https://files.pythonhosted.org/packages/5d/69/74e9614a6e49f5e07fbb91a5cebad79bd31903888ca6b4f1c75dcf01df3b/highspy-1.15.1-cp311-cp311-macosx_10_9_x86_64.whl", hash = "sha256:45eb9f022f9083ef2e56d66f972d5fd40e6634f4497194b1f3f215ca0e8ea958", size = 4871151, upload-time = "2026-07-02T12:01:42.702Z" },
    { url = "https://files.pythonhosted.org/packages/8b/5d/815b8f0488fda02e765b85e7a1ed2bf26b7d705fb1240ca842c4493d9414/highspy-1.15.1-cp311-cp311-macosx_11_0_arm64.whl", hash = "sha256:4b4c7e7af8d7927ed77836e9b869cbae55d6a74b85bb90d04776440b5e14c32b", size = 4468478, upload-time = "2026-07-02T12:01:44.995Z" },
    { url = "https://files.pythonhosted.org/packages/bb/ea/def24ab38ff3ea983eb197dcbf01ec9ad82e2aa3380b72f01792486865e1/highspy-1.15.1-cp311-cp311-manylinux_2_24_aarch64.manylinux_2_28_aarch64.whl", hash = "sha256:070c1ce9238b9e8b4c273253647ab0dbafc1839c195a52c7ef1eeb7ef6976f05", size = 4634480, upload-time = "2026-07-02T12:01:46.822Z" },
    { url = "https://files.pythonhosted.org/packages/ed/bb/0588b8137df2a0ae55a9a8ad40eff40561b60d6f76dbffd5ab4f4f6095f0/highspy-1.15.1-cp311-cp311-manylinux_2_24_x86_64.manylinux_2_28_x86_64.whl", hash = "sha256:a24329c328942b37a6a318ecf163d07dd387974f071b98b4498725eaea80f06f", size = 5035498, upload-time = "2026-07-02T12:01:48.717Z" },
    { url = "https://files.pythonhosted.org/packages/f2/50/5196e807cec6847b2bee8ceefb080b8175ea81aaa673249678398cf3181c/highspy-1.15.1-cp311-cp311-manylinux_2_26_i686.manylinux_2_28_i686.whl", hash = "sha256:138506088c7f6106cbb58d1cd0ef14793dfb47477fd83a7ae0db5b104d1cf969", size = 5857714, upload-time = "2026-07-02T12:01:51.04Z" },
    { url = "https://files.pythonhosted.org/packages/32/25/80c96a11bcf3bdf4ffaa7b1e26629b6da340703b2bbc4e0349d40d7a8aaa/highspy-1.15.1-cp311-cp311-musllinux_1_2_aarch64.whl", hash = "sha256:00e1c13912501e96893136a1805b56b74cb4868fa04c1c2eacc5c0454304e08e", size = 6191044, upload-time = "2026-07-02T12:01:52.856Z" },
    { url = "https://files.pythonhosted.org/packages/11/10/27a7b87dbf56ab88d223fb9f1b6917c9df259c09980460ff56731c2406ef/highspy-1.15.1-cp311-cp311-musllinux_1_2_i686.whl", hash = "sha256:0b5be1c777d0b57b6dc26e1d9754923e642a17c6313bcdf5186473644b214f0b", size = 7234613, upload-time = "2026-07-02T12:01:54.936Z" },
    { url = "https://files.pythonhosted.org/packages/a7/1e/82159a50b8a17daf2e94453a8e0af3e381943223727fd9db6d4bebc1533a/highspy-1.15.1-cp311-cp311-musllinux_1_2_x86_64.whl", hash = "sha256:5de2dddc554442f3572bb4a36116278bee79568fbd726a697251d2606b79a5a1", size = 6632799, upload-time = "2026-07-02T12:01:57.967Z" },
    { url = "https://files.pythonhosted.org/packages/3c/69/59d4303d38d6c48cc6f79c12b11f756b381e8e5eed5c0733d8c82317240f/highspy-1.15.1-cp311-cp311-win32.whl", hash = "sha256:605d3204e41a465f9ce2f254571a90e8781605451a5e6a548f6b4be8988afb4f", size = 2304839, upload-time = "2026-07-02T12:01:59.752Z" },
    { url = "https://files.pythonhosted.org/packages/48/45/6714276be39f1f0f7c2795fb466c39640bbcc541e151342f05f61d2f24a5/highspy-1.15.1-cp311-cp311-win_amd64.whl", hash = "sha256:4715fcfbcff50fdbcc288499116f7e5722a9f9d2647087d54317febb94ec2b32", size = 2709129, upload-time = "2026-07-02T12:02:01.722Z" },
]

[[package]]
name = "idna"
version = "3.18"
source = { registry = "https://pypi.org/simple" }
sdist = { url = "https://files.pythonhosted.org/packages/cd/63/9496c57188a2ee585e0f1db071d75089a11e98aa86eb99d9d7618fc1edce/idna-3.18.tar.gz", hash = "sha256:ffb385a7e039654cef1ab9ef32c6fafe283c0c0467bba1d9029738ce4a14a848", size = 196711, upload-time = "2026-06-02T14:34:07.794Z" }
wheels = [
    { url = "https://files.pythonhosted.org/packages/1e/5e/d4e9f1a599fb8e573b7b87160658329fbf28d19eac2718f51fc3def3aa5a/idna-3.18-py3-none-any.whl", hash = "sha256:7f952cbe720b688055e3f87de14f5c3e5fdaa8bc3928985c4077ca689de849a2", size = 65455, upload-time = "2026-06-02T14:34:06.319Z" },
]

[[package]]
name = "iniconfig"
version = "2.3.0"
source = { registry = "https://pypi.org/simple" }
sdist = { url = "https://files.pythonhosted.org/packages/72/34/14ca021ce8e5dfedc35312d08ba8bf51fdd999c576889fc2c24cb97f4f10/iniconfig-2.3.0.tar.gz", hash = "sha256:c76315c77db068650d49c5b56314774a7804df16fee4402c1f19d6d15d8c4730", size = 20503, upload-time = "2025-10-18T21:55:43.219Z" }
wheels = [
    { url = "https://files.pythonhosted.org/packages/cb/b1/3846dd7f199d53cb17f49cba7e651e9ce294d8497c8c150530ed11865bb8/iniconfig-2.3.0-py3-none-any.whl", hash = "sha256:f631c04d2c48c52b84d0d0549c99ff3859c98df65b3101406327ecc7d53fbf12", size = 7484, upload-time = "2025-10-18T21:55:41.639Z" },
]

[[package]]
name = "joblib"
version = "1.5.1"
source = { registry = "https://pypi.org/simple" }
sdist = { url = "https://files.pythonhosted.org/packages/dc/fe/0f5a938c54105553436dbff7a61dc4fed4b1b2c98852f8833beaf4d5968f/joblib-1.5.1.tar.gz", hash = "sha256:f4f86e351f39fe3d0d32a9f2c3d8af1ee4cec285aafcb27003dda5205576b444", size = 330475, upload-time = "2025-05-23T12:04:37.097Z" }
wheels = [
    { url = "https://files.pythonhosted.org/packages/7d/4f/1195bbac8e0c2acc5f740661631d8d750dc38d4a32b23ee5df3cde6f4e0d/joblib-1.5.1-py3-none-any.whl", hash = "sha256:4719a31f054c7d766948dcd83e9613686b27114f190f717cec7eaa2084f8a74a", size = 307746, upload-time = "2025-05-23T12:04:35.124Z" },
]

[[package]]
name = "numpy"
version = "2.4.6"
source = { registry = "https://pypi.org/simple" }
sdist = { url = "https://files.pythonhosted.org/packages/d0/ad/fed0499ce6a338d2a03ebae59cd15093910c8875328855781952abf6c2fe/numpy-2.4.6.tar.gz", hash = "sha256:f3a3570c4a2a16746ac2c31a7c7c7b0c186b95ce902e33db6f28094ed7387dda", size = 20735807, upload-time = "2026-05-18T23:37:14.07Z" }
wheels = [
    { url = "https://files.pythonhosted.org/packages/b3/49/ec46835a70be8fa6446c495126ac84fdb28cb2558e1620ffb87a10c8b64c/numpy-2.4.6-cp311-cp311-macosx_10_9_x86_64.whl", hash = "sha256:0280e0356c0829a18d9de1cb7eee50ec22ca639878d7240307ca0943d73cd2c4", size = 16969194, upload-time = "2026-05-18T23:33:13.503Z" },
    { url = "https://files.pythonhosted.org/packages/0e/0d/f5957185c0ee2f3e12f78715aa9e3b353fd83633316c8532b38faa37e3f6/numpy-2.4.6-cp311-cp311-macosx_11_0_arm64.whl", hash = "sha256:110f8b71aacb688ec69062bb7f6938a0f8acb01b7c1c4beb453c65b6d234584d", size = 14964111, upload-time = "2026-05-18T23:33:17.795Z" },
    { url = "https://files.pythonhosted.org/packages/ad/40/40a40ee0ddf7ceb782c49af278894b686e586d65d8c1889c8b5da01a3d7d/numpy-2.4.6-cp311-cp311-macosx_14_0_arm64.whl", hash = "sha256:4cfe66903cc32a9921a6733d96b19bb6abf310397581bbad89c228f5abaf0ee8", size = 5469159, upload-time = "2026-05-18T23:33:20.654Z" },
    { url = "https://files.pythonhosted.org/packages/63/13/f9a8046535cb21deae82f8d03de9617e08882d274fad2539630761888228/numpy-2.4.6-cp311-cp311-macosx_14_0_x86_64.whl", hash = "sha256:8155154c7c691289fe18f510b5d4657c68c67989f293f0535a91360392ff6538", size = 6798936, upload-time = "2026-05-18T23:33:22.987Z" },
    { url = "https://files.pythonhosted.org/packages/33/a8/6fa8c1a345a8c85dbb21932c447bee07c30a2c2a3f31e369c0a84b300147/numpy-2.4.6-cp311-cp311-manylinux_2_27_aarch64.manylinux_2_28_aarch64.whl", hash = "sha256:0ab0a9c4ffb1a6d95ef519fe4247dba8eb6b18ad93999f76b7f657039acabd47", size = 15966692, upload-time = "2026-05-18T23:33:26.62Z" },
    { url = "https://files.pythonhosted.org/packages/02/03/74fe2a4cb3817d94d86402f2506554130a2f01414e299b5a843e5a8a957f/numpy-2.4.6-cp311-cp311-manylinux_2_27_x86_64.manylinux_2_28_x86_64.whl", hash = "sha256:89cd468399cfd2504718f0ba50e410dca55a170b61a02ad92bb18c8a65186e93", size = 16918164, upload-time = "2026-05-18T23:33:29.955Z" },
    { url = "https://files.pythonhosted.org/packages/c5/80/3615be3313f7e7696609bc194b9f0101da809df79e859bdb84e0cd043f46/numpy-2.4.6-cp311-cp311-musllinux_1_2_aarch64.whl", hash = "sha256:c2d37ab77531417474168eb79d6d80b14f821a966818505d03013d0833edb7a8", size = 17322877, upload-time = "2026-05-18T23:33:34.724Z" },
    { url = "https://files.pythonhosted.org/packages/ca/ac/a691e0fe2675e370d0e08ff905adc49a1c8830e8cae03efe4477e92cd55d/numpy-2.4.6-cp311-cp311-musllinux_1_2_x86_64.whl", hash = "sha256:f407cb6b8e9d6d8c626bc73c945db1706035af8fd632295547bf1c9e46d092d6", size = 18651487, upload-time = "2026-05-18T23:33:38.217Z" },
    { url = "https://files.pythonhosted.org/packages/15/a7/9bc1cd626d7bf6869bfedf27b91b6ab5dd607758bf8e959d6fa80c6a59cb/numpy-2.4.6-cp311-cp311-win32.whl", hash = "sha256:ddea102b48f9e339f3948bf22040944184627a30fdf7f858667673b9c5f033c8", size = 6233945, upload-time = "2026-05-18T23:33:41.331Z" },
    { url = "https://files.pythonhosted.org/packages/c5/31/7fc6239c12bce7e931463251cca4426c465e1876ba3cc785402ef4dd8f4e/numpy-2.4.6-cp311-cp311-win_amd64.whl", hash = "sha256:1e254a00cdf42b1e4d5b3d68d33af63268d41340d8885df2ab6470f2e1500147", size = 12608406, upload-time = "2026-05-18T23:33:44.131Z" },
    { url = "https://files.pythonhosted.org/packages/27/83/140f85a466595a16382996a1bf06b2b54bcd597488921b0c9daaeeda72af/numpy-2.4.6-cp311-cp311-win_arm64.whl", hash = "sha256:ed9749eef4cbd126da3dc1d6bcb3a57f5eb7ac6a6484146bdbf743f552dfc577", size = 10479528, upload-time = "2026-05-18T23:33:50.725Z" },
    { url = "https://files.pythonhosted.org/packages/de/12/b422cc84439adc0d00de605bf4a308890ae5c26f2c71fbd73e5d08fbb0dd/numpy-2.4.6-pp311-pypy311_pp73-macosx_10_15_x86_64.whl", hash = "sha256:55cced7c52e981362f708ad635198e97a752dfba412cc03c23bbf3bd8d5cd662", size = 16847511, upload-time = "2026-05-18T23:36:50.673Z" },
    { url = "https://files.pythonhosted.org/packages/44/53/f481bef68011740f8849418d82db07230e825013f31f4eef5ba5b805316a/numpy-2.4.6-pp311-pypy311_pp73-macosx_11_0_arm64.whl", hash = "sha256:d6da64deb6b8ed903e7560180a92f2d804ee1ba5eeb849ac2748b8c1aba1f6d7", size = 14889064, upload-time = "2026-05-18T23:36:53.879Z" },
    { url = "https://files.pythonhosted.org/packages/7f/57/42ed575c10ced8af951d426bc4e1f8aff16fd851db33f067036215a7f860/numpy-2.4.6-pp311-pypy311_pp73-macosx_14_0_arm64.whl", hash = "sha256:68a5124b13fa6cc2086764a20005d30bc0548146f7f5322f02fce212ca14317f", size = 5394157, upload-time = "2026-05-18T23:36:57.194Z" },
    { url = "https://files.pythonhosted.org/packages/6a/ef/f66cc724fcc36c1e364c67f51ae9146090b8b584f27d58b97fdae3edd737/numpy-2.4.6-pp311-pypy311_pp73-macosx_14_0_x86_64.whl", hash = "sha256:948424b06129ce883307e8cff868c31396d8dc7630a59c61d70d98dbe70f222c", size = 6708728, upload-time = "2026-05-18T23:36:59.575Z" },
    { url = "https://files.pythonhosted.org/packages/1a/9c/c531f2293b91265d8b48e9b329f54fdd7ffae73cb4134ea10cca4237e9cc/numpy-2.4.6-pp311-pypy311_pp73-manylinux_2_27_aarch64.manylinux_2_28_aarch64.whl", hash = "sha256:5dbbdb29840ca3d91ee0fece42fc29278886d908280bfec0a5846c6f901a3eb0", size = 15798374, upload-time = "2026-05-18T23:37:02.674Z" },
    { url = "https://files.pythonhosted.org/packages/1a/b0/413077f6b1153ed3cba361401c6783bbad6114804a000cc22eb71c13e190/numpy-2.4.6-pp311-pypy311_pp73-manylinux_2_27_x86_64.manylinux_2_28_x86_64.whl", hash = "sha256:8ad03c0965fb3c692200e74d458ca28c1dbb4ce96f9a479a8aa041ad5fabca02", size = 16747286, upload-time = "2026-05-18T23:37:06.327Z" },
    { url = "https://files.pythonhosted.org/packages/15/ce/e5ec180bc41812edcd8daeb8639d205622c0e8c02259d8ab25a0201b3c2a/numpy-2.4.6-pp311-pypy311_pp73-win_amd64.whl", hash = "sha256:2803abfebfc990042cd494d8ce2d5f82e9d847af6d35ec486923aa19dbad5e73", size = 12504263, upload-time = "2026-05-18T23:37:09.715Z" },
]

[[package]]
name = "nvidia-nccl-cu12"
version = "2.31.2"
source = { registry = "https://pypi.org/simple" }
wheels = [
    { url = "https://files.pythonhosted.org/packages/37/85/b073e54c993cd9f79faa955d7c9bd7356da408935483aebc3cbb53a922ec/nvidia_nccl_cu12-2.31.2-py3-none-manylinux_2_18_aarch64.whl", hash = "sha256:f208de397e431631eab0eca946444404a495d43a007535baa333d7de9e510ca2", size = 342026203, upload-time = "2026-08-11T23:23:40.509Z" },
    { url = "https://files.pythonhosted.org/packages/0f/36/104de52d6368f5b7f886e8fd252e0a438fe73a215e59b1b47f93a80ae2ea/nvidia_nccl_cu12-2.31.2-py3-none-manylinux_2_18_x86_64.whl", hash = "sha256:f9b1dc3c2a7e20176054144ebb3b32fea83b40402ee5d7ac7045cd11ecc956c0", size = 342105414, upload-time = "2026-08-11T23:24:24.167Z" },
]

[[package]]
name = "packaging"
version = "26.3"
source = { registry = "https://pypi.org/simple" }
sdist = { url = "https://files.pythonhosted.org/packages/7d/fa/3944b40b07da9ce895c0e6303a5ab7d53da063554f534556b134a54d6093/packaging-26.3.tar.gz", hash = "sha256:94edc256424af38762eb31306eed28beb9f0efc50a8837492c9d6fd6004aed79", size = 313412, upload-time = "2026-08-04T18:15:28.737Z" }
wheels = [
    { url = "https://files.pythonhosted.org/packages/63/34/ba1c580383c9eada3711951fef0795c80b829a078d72188184bcab9dd527/packaging-26.3-py3-none-any.whl", hash = "sha256:d7193f7c8e4e93f444fde0262bf90af30e16fa0ad0ad44cb553c87339b23cd1c", size = 129956, upload-time = "2026-08-04T18:15:27.159Z" },
]

[[package]]
name = "pandas"
version = "2.3.3"
source = { registry = "https://pypi.org/simple" }
dependencies = [
    { name = "numpy" },
    { name = "python-dateutil" },
    { name = "pytz" },
    { name = "tzdata" },
]
sdist = { url = "https://files.pythonhosted.org/packages/33/01/d40b85317f86cf08d853a4f495195c73815fdf205eef3993821720274518/pandas-2.3.3.tar.gz", hash = "sha256:e05e1af93b977f7eafa636d043f9f94c7ee3ac81af99c13508215942e64c993b", size = 4495223, upload-time = "2025-09-29T23:34:51.853Z" }
wheels = [
    { url = "https://files.pythonhosted.org/packages/c1/fa/7ac648108144a095b4fb6aa3de1954689f7af60a14cf25583f4960ecb878/pandas-2.3.3-cp311-cp311-macosx_10_9_x86_64.whl", hash = "sha256:602b8615ebcc4a0c1751e71840428ddebeb142ec02c786e8ad6b1ce3c8dec523", size = 11578790, upload-time = "2025-09-29T23:18:30.065Z" },
    { url = "https://files.pythonhosted.org/packages/9b/35/74442388c6cf008882d4d4bdfc4109be87e9b8b7ccd097ad1e7f006e2e95/pandas-2.3.3-cp311-cp311-macosx_11_0_arm64.whl", hash = "sha256:8fe25fc7b623b0ef6b5009149627e34d2a4657e880948ec3c840e9402e5c1b45", size = 10833831, upload-time = "2025-09-29T23:38:56.071Z" },
    { url = "https://files.pythonhosted.org/packages/fe/e4/de154cbfeee13383ad58d23017da99390b91d73f8c11856f2095e813201b/pandas-2.3.3-cp311-cp311-manylinux_2_24_aarch64.manylinux_2_28_aarch64.whl", hash = "sha256:b468d3dad6ff947df92dcb32ede5b7bd41a9b3cceef0a30ed925f6d01fb8fa66", size = 12199267, upload-time = "2025-09-29T23:18:41.627Z" },
    { url = "https://files.pythonhosted.org/packages/bf/c9/63f8d545568d9ab91476b1818b4741f521646cbdd151c6efebf40d6de6f7/pandas-2.3.3-cp311-cp311-manylinux_2_24_x86_64.manylinux_2_28_x86_64.whl", hash = "sha256:b98560e98cb334799c0b07ca7967ac361a47326e9b4e5a7dfb5ab2b1c9d35a1b", size = 12789281, upload-time = "2025-09-29T23:18:56.834Z" },
    { url = "https://files.pythonhosted.org/packages/f2/00/a5ac8c7a0e67fd1a6059e40aa08fa1c52cc00709077d2300e210c3ce0322/pandas-2.3.3-cp311-cp311-musllinux_1_2_aarch64.whl", hash = "sha256:1d37b5848ba49824e5c30bedb9c830ab9b7751fd049bc7914533e01c65f79791", size = 13240453, upload-time = "2025-09-29T23:19:09.247Z" },
    { url = "https://files.pythonhosted.org/packages/27/4d/5c23a5bc7bd209231618dd9e606ce076272c9bc4f12023a70e03a86b4067/pandas-2.3.3-cp311-cp311-musllinux_1_2_x86_64.whl", hash = "sha256:db4301b2d1f926ae677a751eb2bd0e8c5f5319c9cb3f88b0becbbb0b07b34151", size = 13890361, upload-time = "2025-09-29T23:19:25.342Z" },
    { url = "https://files.pythonhosted.org/packages/8e/59/712db1d7040520de7a4965df15b774348980e6df45c129b8c64d0dbe74ef/pandas-2.3.3-cp311-cp311-win_amd64.whl", hash = "sha256:f086f6fe114e19d92014a1966f43a3e62285109afe874f067f5abbdcbb10e59c", size = 11348702, upload-time = "2025-09-29T23:19:38.296Z" },
]

[[package]]
name = "pluggy"
version = "1.6.0"
source = { registry = "https://pypi.org/simple" }
sdist = { url = "https://files.pythonhosted.org/packages/f9/e2/3e91f31a7d2b083fe6ef3fa267035b518369d9511ffab804f839851d2779/pluggy-1.6.0.tar.gz", hash = "sha256:7dcc130b76258d33b90f61b658791dede3486c3e6bfb003ee5c9bfb396dd22f3", size = 69412, upload-time = "2025-05-15T12:30:07.975Z" }
wheels = [
    { url = "https://files.pythonhosted.org/packages/54/20/4d324d65cc6d9205fabedc306948156824eb9f0ee1633355a8f7ec5c66bf/pluggy-1.6.0-py3-none-any.whl", hash = "sha256:e920276dd6813095e9377c0bc5566d94c932c33b27a3e3945d8389c374dd4746", size = 20538, upload-time = "2025-05-15T12:30:06.134Z" },
]

[[package]]
name = "pygments"
version = "2.20.0"
source = { registry = "https://pypi.org/simple" }
sdist = { url = "https://files.pythonhosted.org/packages/c3/b2/bc9c9196916376152d655522fdcebac55e66de6603a76a02bca1b6414f6c/pygments-2.20.0.tar.gz", hash = "sha256:6757cd03768053ff99f3039c1a36d6c0aa0b263438fcab17520b30a303a82b5f", size = 4955991, upload-time = "2026-03-29T13:29:33.898Z" }
wheels = [
    { url = "https://files.pythonhosted.org/packages/f4/7e/a72dd26f3b0f4f2bf1dd8923c85f7ceb43172af56d63c7383eb62b332364/pygments-2.20.0-py3-none-any.whl", hash = "sha256:81a9e26dd42fd28a23a2d169d86d7ac03b46e2f8b59ed4698fb4785f946d0176", size = 1231151, upload-time = "2026-03-29T13:29:30.038Z" },
]

[[package]]
name = "pytest"
version = "9.1.1"
source = { registry = "https://pypi.org/simple" }
dependencies = [
    { name = "colorama", marker = "sys_platform == 'win32'" },
    { name = "iniconfig" },
    { name = "packaging" },
    { name = "pluggy" },
    { name = "pygments" },
]
sdist = { url = "https://files.pythonhosted.org/packages/e4/47/b9efed96c114afcfa3c9d3fe98a76a1d14c74a9e266d397cf6eb64be5e01/pytest-9.1.1.tar.gz", hash = "sha256:1088fbde8f2b49d95a549a195707afa7a76a3ce9bcadc26b6d71f0ffda5fe313", size = 1636369, upload-time = "2026-06-19T10:58:32.857Z" }
wheels = [
    { url = "https://files.pythonhosted.org/packages/24/25/1de2678b631f5a49215c6c96fff41ba892b0a34df68d6d80292b1b48aa7f/pytest-9.1.1-py3-none-any.whl", hash = "sha256:37a86b45efb9a47a61a36449063e8e18d0cab3161329fc099eb21783169c4f0c", size = 386536, upload-time = "2026-06-19T10:58:31.347Z" },
]

[[package]]
name = "python-dateutil"
version = "2.9.0.post0"
source = { registry = "https://pypi.org/simple" }
dependencies = [
    { name = "six" },
]
sdist = { url = "https://files.pythonhosted.org/packages/66/c0/0c8b6ad9f17a802ee498c46e004a0eb49bc148f2fd230864601a86dcf6db/python-dateutil-2.9.0.post0.tar.gz", hash = "sha256:37dd54208da7e1cd875388217d5e00ebd4179249f90fb72437e91a35459a0ad3", size = 342432, upload-time = "2024-03-01T18:36:20.211Z" }
wheels = [
    { url = "https://files.pythonhosted.org/packages/ec/57/56b9bcc3c9c6a792fcbaf139543cee77261f3651ca9da0c93f5c1221264b/python_dateutil-2.9.0.post0-py2.py3-none-any.whl", hash = "sha256:a8b2bc7bffae282281c8140a97d3aa9c14da0b136dfe83f850eea9a5f7470427", size = 229892, upload-time = "2024-03-01T18:36:18.57Z" },
]

[[package]]
name = "pytz"
version = "2026.3.post1"
source = { registry = "https://pypi.org/simple" }
sdist = { url = "https://files.pythonhosted.org/packages/fb/48/fb042503b6ca6cd271261dc559fd6432f7d8c713153e9ec5c591af4dfc1c/pytz-2026.3.post1.tar.gz", hash = "sha256:2211d3fcf9a797d3405cac96ac7f61d80e6a644f72a3309607282fe8a2010c5d", size = 319745, upload-time = "2026-07-25T15:12:07.385Z" }
wheels = [
    { url = "https://files.pythonhosted.org/packages/0f/7b/39c34ca613b0b198cb866466651b26b045e2009864c5183c979a3b83f383/pytz-2026.3.post1-py2.py3-none-any.whl", hash = "sha256:dd95840dd199baea12d9cc096a1d452caa6596a1c1e4b5f3dbd1541855d5e815", size = 508283, upload-time = "2026-07-25T15:12:05.782Z" },
]

[[package]]
name = "requests"
version = "2.34.2"
source = { registry = "https://pypi.org/simple" }
dependencies = [
    { name = "certifi" },
    { name = "charset-normalizer" },
    { name = "idna" },
    { name = "urllib3" },
]
sdist = { url = "https://files.pythonhosted.org/packages/ac/c3/e2a2b89f2d3e2179abd6d00ebd70bff6273f37fb3e0cc209f48b39d00cbf/requests-2.34.2.tar.gz", hash = "sha256:f288924cae4e29463698d6d60bc6a4da69c89185ad1e0bcc4104f584e960b9ed", size = 142856, upload-time = "2026-05-14T19:25:27.735Z" }
wheels = [
    { url = "https://files.pythonhosted.org/packages/a0/f4/c67b0b3f1b9245e8d266f0f112c500d50e5b4e83cb6f3b71b6528104182a/requests-2.34.2-py3-none-any.whl", hash = "sha256:2a0d60c172f83ac6ab31e4554906c0f3b3588d37b5cb939b1c061f4907e278e0", size = 73075, upload-time = "2026-05-14T19:25:26.443Z" },
]

[[package]]
name = "rivalr"
version = "0.1.0"
source = { editable = "." }
dependencies = [
    { name = "fuzzywuzzy" },
    { name = "highspy" },
    { name = "joblib" },
    { name = "numpy" },
    { name = "pandas" },
    { name = "requests" },
    { name = "scikit-learn" },
    { name = "xgboost" },
]

[package.dev-dependencies]
dev = [
    { name = "pytest" },
]

[package.metadata]
requires-dist = [
    { name = "fuzzywuzzy", specifier = ">=0.18" },
    { name = "highspy", specifier = ">=1.11.0" },
    { name = "joblib", specifier = "==1.5.1" },
    { name = "numpy", specifier = ">=1.26,<3" },
    { name = "pandas", specifier = ">=2.3,<2.4" },
    { name = "requests", specifier = ">=2.31" },
    { name = "scikit-learn", specifier = "==1.7.0" },
    { name = "xgboost", specifier = "==3.0.2" },
]

[package.metadata.requires-dev]
dev = [{ name = "pytest", specifier = ">=8.0" }]

[[package]]
name = "scikit-learn"
version = "1.7.0"
source = { registry = "https://pypi.org/simple" }
dependencies = [
    { name = "joblib" },
    { name = "numpy" },
    { name = "scipy" },
    { name = "threadpoolctl" },
]
sdist = { url = "https://files.pythonhosted.org/packages/df/3b/29fa87e76b1d7b3b77cc1fcbe82e6e6b8cd704410705b008822de530277c/scikit_learn-1.7.0.tar.gz", hash = "sha256:c01e869b15aec88e2cdb73d27f15bdbe03bce8e2fb43afbe77c45d399e73a5a3", size = 7178217, upload-time = "2025-06-05T22:02:46.703Z" }
wheels = [
    { url = "https://files.pythonhosted.org/packages/5a/42/c6b41711c2bee01c4800ad8da2862c0b6d2956a399d23ce4d77f2ca7f0c7/scikit_learn-1.7.0-cp311-cp311-macosx_10_9_x86_64.whl", hash = "sha256:8ef09b1615e1ad04dc0d0054ad50634514818a8eb3ee3dee99af3bffc0ef5007", size = 11719657, upload-time = "2025-06-05T22:01:56.345Z" },
    { url = "https://files.pythonhosted.org/packages/a3/24/44acca76449e391b6b2522e67a63c0454b7c1f060531bdc6d0118fb40851/scikit_learn-1.7.0-cp311-cp311-macosx_12_0_arm64.whl", hash = "sha256:7d7240c7b19edf6ed93403f43b0fcb0fe95b53bc0b17821f8fb88edab97085ef", size = 10712636, upload-time = "2025-06-05T22:01:59.093Z" },
    { url = "https://files.pythonhosted.org/packages/9f/1b/fcad1ccb29bdc9b96bcaa2ed8345d56afb77b16c0c47bafe392cc5d1d213/scikit_learn-1.7.0-cp311-cp311-manylinux_2_17_aarch64.manylinux2014_aarch64.whl", hash = "sha256:80bd3bd4e95381efc47073a720d4cbab485fc483966f1709f1fd559afac57ab8", size = 12242817, upload-time = "2025-06-05T22:02:01.43Z" },
    { url = "https://files.pythonhosted.org/packages/c6/38/48b75c3d8d268a3f19837cb8a89155ead6e97c6892bb64837183ea41db2b/scikit_learn-1.7.0-cp311-cp311-manylinux_2_17_x86_64.manylinux2014_x86_64.whl", hash = "sha256:9dbe48d69aa38ecfc5a6cda6c5df5abef0c0ebdb2468e92437e2053f84abb8bc", size = 12873961, upload-time = "2025-06-05T22:02:03.951Z" },
    { url = "https://files.pythonhosted.org/packages/f4/5a/ba91b8c57aa37dbd80d5ff958576a9a8c14317b04b671ae7f0d09b00993a/scikit_learn-1.7.0-cp311-cp311-win_amd64.whl", hash = "sha256:8fa979313b2ffdfa049ed07252dc94038def3ecd49ea2a814db5401c07f1ecfa", size = 10717277, upload-time = "2025-06-05T22:02:06.77Z" },
]

[[package]]
name = "scipy"
version = "1.17.1"
source = { registry = "https://pypi.org/simple" }
dependencies = [
    { name = "numpy" },
]
sdist = { url = "https://files.pythonhosted.org/packages/7a/97/5a3609c4f8d58b039179648e62dd220f89864f56f7357f5d4f45c29eb2cc/scipy-1.17.1.tar.gz", hash = "sha256:95d8e012d8cb8816c226aef832200b1d45109ed4464303e997c5b13122b297c0", size = 30573822, upload-time = "2026-02-23T00:26:24.851Z" }
wheels = [
    { url = "https://files.pythonhosted.org/packages/df/75/b4ce781849931fef6fd529afa6b63711d5a733065722d0c3e2724af9e40a/scipy-1.17.1-cp311-cp311-macosx_10_14_x86_64.whl", hash = "sha256:1f95b894f13729334fb990162e911c9e5dc1ab390c58aa6cbecb389c5b5e28ec", size = 31613675, upload-time = "2026-02-23T00:16:00.13Z" },
    { url = "https://files.pythonhosted.org/packages/f7/58/bccc2861b305abdd1b8663d6130c0b3d7cc22e8d86663edbc8401bfd40d4/scipy-1.17.1-cp311-cp311-macosx_12_0_arm64.whl", hash = "sha256:e18f12c6b0bc5a592ed23d3f7b891f68fd7f8241d69b7883769eb5d5dfb52696", size = 28162057, upload-time = "2026-02-23T00:16:09.456Z" },
    { url = "https://files.pythonhosted.org/packages/6d/ee/18146b7757ed4976276b9c9819108adbc73c5aad636e5353e20746b73069/scipy-1.17.1-cp311-cp311-macosx_14_0_arm64.whl", hash = "sha256:a3472cfbca0a54177d0faa68f697d8ba4c80bbdc19908c3465556d9f7efce9ee", size = 20334032, upload-time = "2026-02-23T00:16:17.358Z" },
    { url = "https://files.pythonhosted.org/packages/ec/e6/cef1cf3557f0c54954198554a10016b6a03b2ec9e22a4e1df734936bd99c/scipy-1.17.1-cp311-cp311-macosx_14_0_x86_64.whl", hash = "sha256:766e0dc5a616d026a3a1cffa379af959671729083882f50307e18175797b3dfd", size = 22709533, upload-time = "2026-02-23T00:16:25.791Z" },
    { url = "https://files.pythonhosted.org/packages/4d/60/8804678875fc59362b0fb759ab3ecce1f09c10a735680318ac30da8cd76b/scipy-1.17.1-cp311-cp311-manylinux_2_27_aarch64.manylinux_2_28_aarch64.whl", hash = "sha256:744b2bf3640d907b79f3fd7874efe432d1cf171ee721243e350f55234b4cec4c", size = 33062057, upload-time = "2026-02-23T00:16:36.931Z" },
    { url = "https://files.pythonhosted.org/packages/09/7d/af933f0f6e0767995b4e2d705a0665e454d1c19402aa7e895de3951ebb04/scipy-1.17.1-cp311-cp311-manylinux_2_27_x86_64.manylinux_2_28_x86_64.whl", hash = "sha256:43af8d1f3bea642559019edfe64e9b11192a8978efbd1539d7bc2aaa23d92de4", size = 35349300, upload-time = "2026-02-23T00:16:49.108Z" },
    { url = "https://files.pythonhosted.org/packages/b4/3d/7ccbbdcbb54c8fdc20d3b6930137c782a163fa626f0aef920349873421ba/scipy-1.17.1-cp311-cp311-musllinux_1_2_aarch64.whl", hash = "sha256:cd96a1898c0a47be4520327e01f874acfd61fb48a9420f8aa9f6483412ffa444", size = 35127333, upload-time = "2026-02-23T00:17:01.293Z" },
    { url = "https://files.pythonhosted.org/packages/e8/19/f926cb11c42b15ba08e3a71e376d816ac08614f769b4f47e06c3580c836a/scipy-1.17.1-cp311-cp311-musllinux_1_2_x86_64.whl", hash = "sha256:4eb6c25dd62ee8d5edf68a8e1c171dd71c292fdae95d8aeb3dd7d7de4c364082", size = 37741314, upload-time = "2026-02-23T00:17:12.576Z" },
    { url = "https://files.pythonhosted.org/packages/95/da/0d1df507cf574b3f224ccc3d45244c9a1d732c81dcb26b1e8a766ae271a8/scipy-1.17.1-cp311-cp311-win_amd64.whl", hash = "sha256:d30e57c72013c2a4fe441c2fcb8e77b14e152ad48b5464858e07e2ad9fbfceff", size = 36607512, upload-time = "2026-02-23T00:17:23.424Z" },
    { url = "https://files.pythonhosted.org/packages/68/7f/bdd79ceaad24b671543ffe0ef61ed8e659440eb683b66f033454dcee90eb/scipy-1.17.1-cp311-cp311-win_arm64.whl", hash = "sha256:9ecb4efb1cd6e8c4afea0daa91a87fbddbce1b99d2895d151596716c0b2e859d", size = 24599248, upload-time = "2026-02-23T00:17:34.561Z" },
]

[[package]]
name = "six"
version = "1.17.0"
source = { registry = "https://pypi.org/simple" }
sdist = { url = "https://files.pythonhosted.org/packages/94/e7/b2c673351809dca68a0e064b6af791aa332cf192da575fd474ed7d6f16a2/six-1.17.0.tar.gz", hash = "sha256:ff70335d468e7eb6ec65b95b99d3a2836546063f63acc5171de367e834932a81", size = 34031, upload-time = "2024-12-04T17:35:28.174Z" }
wheels = [
    { url = "https://files.pythonhosted.org/packages/b7/ce/149a00dd41f10bc29e5921b496af8b574d8413afcd5e30dfa0ed46c2cc5e/six-1.17.0-py2.py3-none-any.whl", hash = "sha256:4721f391ed90541fddacab5acf947aa0d3dc7d27b2e1e8eda2be8970586c3274", size = 11050, upload-time = "2024-12-04T17:35:26.475Z" },
]

[[package]]
name = "threadpoolctl"
version = "3.6.0"
source = { registry = "https://pypi.org/simple" }
sdist = { url = "https://files.pythonhosted.org/packages/b7/4d/08c89e34946fce2aec4fbb45c9016efd5f4d7f24af8e5d93296e935631d8/threadpoolctl-3.6.0.tar.gz", hash = "sha256:8ab8b4aa3491d812b623328249fab5302a68d2d71745c8a4c719a2fcaba9f44e", size = 21274, upload-time = "2025-03-13T13:49:23.031Z" }
wheels = [
    { url = "https://files.pythonhosted.org/packages/32/d5/f9a850d79b0851d1d4ef6456097579a9005b31fea68726a4ae5f2d82ddd9/threadpoolctl-3.6.0-py3-none-any.whl", hash = "sha256:43a0b8fd5a2928500110039e43a5eed8480b918967083ea48dc3ab9f13c4a7fb", size = 18638, upload-time = "2025-03-13T13:49:21.846Z" },
]

[[package]]
name = "tzdata"
version = "2026.3"
source = { registry = "https://pypi.org/simple" }
sdist = { url = "https://files.pythonhosted.org/packages/92/ff/5a28bdfd8c3ebec42564ac7d0e54ca3db65044a9314a97f9564fa7a1e926/tzdata-2026.3.tar.gz", hash = "sha256:4a1518b8993086a7982523e071643f3c0e5f213e75b21318e78bcabfff9d1415", size = 198674, upload-time = "2026-07-10T08:50:37.887Z" }
wheels = [
    { url = "https://files.pythonhosted.org/packages/e5/6d/b53b99a9f2766d095985947a5782f1702cabb129a34f7a802d7197af832f/tzdata-2026.3-py2.py3-none-any.whl", hash = "sha256:dc096730c87af6cab1b171c9d532be840741ff5d459015e7f6947bd7d7e54931", size = 348168, upload-time = "2026-07-10T08:50:36.46Z" },
]

[[package]]
name = "urllib3"
version = "2.7.0"
source = { registry = "https://pypi.org/simple" }
sdist = { url = "https://files.pythonhosted.org/packages/53/0c/06f8b233b8fd13b9e5ee11424ef85419ba0d8ba0b3138bf360be2ff56953/urllib3-2.7.0.tar.gz", hash = "sha256:231e0ec3b63ceb14667c67be60f2f2c40a518cb38b03af60abc813da26505f4c", size = 433602, upload-time = "2026-05-07T16:13:18.596Z" }
wheels = [
    { url = "https://files.pythonhosted.org/packages/7f/3e/5db95bcf282c52709639744ca2a8b149baccf648e39c8cc87553df9eae0c/urllib3-2.7.0-py3-none-any.whl", hash = "sha256:9fb4c81ebbb1ce9531cce37674bbc6f1360472bc18ca9a553ede278ef7276897", size = 131087, upload-time = "2026-05-07T16:13:17.151Z" },
]

[[package]]
name = "xgboost"
version = "3.0.2"
source = { registry = "https://pypi.org/simple" }
dependencies = [
    { name = "numpy" },
    { name = "nvidia-nccl-cu12", marker = "platform_machine != 'aarch64' and sys_platform == 'linux'" },
    { name = "scipy" },
]
sdist = { url = "https://files.pythonhosted.org/packages/29/42/e6abc9e8c65033e5ff4117efc765e3d670c81c64ebd40ca6283bf4536994/xgboost-3.0.2.tar.gz", hash = "sha256:0ea95fef12313f8563458bbf49458db434d620af27b1991ddb8f46806cb305a5", size = 1159083, upload-time = "2025-05-25T09:09:11.291Z" }
wheels = [
    { url = "https://files.pythonhosted.org/packages/0b/6b/f47143ecab6313272497f324ffe2eafaf2851c0781a9022040adf80f9aab/xgboost-3.0.2-py3-none-macosx_10_15_x86_64.whl", hash = "sha256:923f46cd1b25c0a39fc98e969fa0a72a1a84feb7f55797cb3385962cd8d3b2d4", size = 2246653, upload-time = "2025-05-25T09:09:35.431Z" },
    { url = "https://files.pythonhosted.org/packages/09/c9/5f0be8e51d55df60a1bd7d09e7b05380e04c38de9554105f6cacffac3886/xgboost-3.0.2-py3-none-macosx_12_0_arm64.whl", hash = "sha256:5c4e377c86df815669939646b3abe7a20559e4d4c0f5c2ab10c31252e7a9d7d9", size = 2025769, upload-time = "2025-05-25T09:09:37.22Z" },
    { url = "https://files.pythonhosted.org/packages/c0/eb/4b5036a16628dc375544ba5375768ddc3653a3372af6f947d73d11d1c3f2/xgboost-3.0.2-py3-none-manylinux2014_aarch64.whl", hash = "sha256:e9acf97b3b2a628b33f1dc80ee3f16a658e1f9f43c4ed2aa85b0a824c87dbde5", size = 4841549, upload-time = "2025-05-25T09:09:41.172Z" },
    { url = "https://files.pythonhosted.org/packages/db/71/347f78ac21eb9221231bebf7d7a3eaea20b09377d9d602cee15fe9c7aeba/xgboost-3.0.2-py3-none-manylinux2014_x86_64.whl", hash = "sha256:7d1ad8c5ae361161ce5288a04916c89d13d247b9a98e25c4b3983783cfad0377", size = 4904451, upload-time = "2025-05-25T09:09:44.273Z" },
    { url = "https://files.pythonhosted.org/packages/47/a4/949c50325c6417bfae2b846c43f4a8ad6557278d26b6a526c5c22f2204aa/xgboost-3.0.2-py3-none-manylinux_2_28_aarch64.whl", hash = "sha256:a112df38f2faaae31f1c00d373ff35fb5965a65e74de2eea9081dbef7a9ddffe", size = 4603350, upload-time = "2025-05-25T09:09:46.497Z" },
    { url = "https://files.pythonhosted.org/packages/cc/f5/1b5d88e5a65168b435e8339b53d027e3e7adecb0c7d157bc86d18f78471b/xgboost-3.0.2-py3-none-manylinux_2_28_x86_64.whl", hash = "sha256:d534242489265621397ff403bb1c6235d2e6c66938639239fdf2d6b39d27e339", size = 253887220, upload-time = "2025-05-25T09:10:24.541Z" },
    { url = "https://files.pythonhosted.org/packages/29/22/e3ff2dfafe862a91733dfa0aecdb4794aa1d9a18e09a14e118bde0cbc2db/xgboost-3.0.2-py3-none-win_amd64.whl", hash = "sha256:b4c89b71d134da9fa6318e3c9f5459317d1013b4d57059d10ed2840750e2f7e1", size = 149974575, upload-time = "2025-05-25T09:11:23.554Z" },
]
